
Microsoft Visual Studio Solution File, Format Version 12.00
# Visual Studio Version 17
VisualStudioVersion = 17.13.35931.197
MinimumVisualStudioVersion = 10.0.40219.1
Project("{FAE04EC0-301F-11D3-BF4B-00C04F79EFBC}") = "daily_note_be", "daily_note_be.csproj", "{7944F864-C0B2-FAE1-C923-8DB7270CC627}"
EndProject
Project("{FAE04EC0-301F-11D3-BF4B-00C04F79EFBC}") = "Framework.Auth", "Framework.Auth\Framework.Auth.csproj", "{28B4EE4A-D061-0612-F8D1-21DD3DB2AAB6}"
EndProject
Project("{FAE04EC0-301F-11D3-BF4B-00C04F79EFBC}") = "ViewModel", "ViewModel\ViewModel.csproj", "{F099EF83-E570-F1A7-D403-3F0F186F11BD}"
EndProject
Global
	GlobalSection(SolutionConfigurationPlatforms) = preSolution
		Debug|Any CPU = Debug|Any CPU
		Release|Any CPU = Release|Any CPU
	EndGlobalSection
	GlobalSection(ProjectConfigurationPlatforms) = postSolution
		{7944F864-C0B2-FAE1-C923-8DB7270CC627}.Debug|Any CPU.ActiveCfg = Debug|Any CPU
		{7944F864-C0B2-FAE1-C923-8DB7270CC627}.Debug|Any CPU.Build.0 = Debug|Any CPU
		{7944F864-C0B2-FAE1-C923-8DB7270CC627}.Release|Any CPU.ActiveCfg = Release|Any CPU
		{7944F864-C0B2-FAE1-C923-8DB7270CC627}.Release|Any CPU.Build.0 = Release|Any CPU
		{28B4EE4A-D061-0612-F8D1-21DD3DB2AAB6}.Debug|Any CPU.ActiveCfg = Debug|Any CPU
		{28B4EE4A-D061-0612-F8D1-21DD3DB2AAB6}.Debug|Any CPU.Build.0 = Debug|Any CPU
		{28B4EE4A-D061-0612-F8D1-21DD3DB2AAB6}.Release|Any CPU.ActiveCfg = Release|Any CPU
		{28B4EE4A-D061-0612-F8D1-21DD3DB2AAB6}.Release|Any CPU.Build.0 = Release|Any CPU
		{F099EF83-E570-F1A7-D403-3F0F186F11BD}.Debug|Any CPU.ActiveCfg = Debug|Any CPU
		{F099EF83-E570-F1A7-D403-3F0F186F11BD}.Debug|Any CPU.Build.0 = Debug|Any CPU
		{F099EF83-E570-F1A7-D403-3F0F186F11BD}.Release|Any CPU.ActiveCfg = Release|Any CPU
		{F099EF83-E570-F1A7-D403-3F0F186F11BD}.Release|Any CPU.Build.0 = Release|Any CPU
	EndGlobalSection
	GlobalSection(SolutionProperties) = preSolution
		HideSolutionNode = FALSE
	EndGlobalSection
	GlobalSection(ExtensibilityGlobals) = postSolution
		SolutionGuid = {7E4D76F3-FCCA-4FA6-B5D3-8D1E84650825}
	EndGlobalSection
EndGlobal
